// !$*UTF8*$!
{
	archiveVersion = 1;
	classes = {
	};
	objectVersion = 46;
	objects = {

/* Begin PBXBuildFile section */
		B524B18318B5F89400C151E2 /* NMLLayoutManager.m in Sources */ = {isa = PBXBuildFile; fileRef = B524B18218B5F89400C151E2 /* NMLLayoutManager.m */; };
		B5711FCF18B5A8AC00C002BF /* Foundation.framework in Frameworks */ = {isa = PBXBuildFile; fileRef = B5711FCE18B5A8AC00C002BF /* Foundation.framework */; };
		B5711FD118B5A8AC00C002BF /* CoreGraphics.framework in Frameworks */ = {isa = PBXBuildFile; fileRef = B5711FD018B5A8AC00C002BF /* CoreGraphics.framework */; };
		B5711FD318B5A8AC00C002BF /* UIKit.framework in Frameworks */ = {isa = PBXBuildFile; fileRef = B5711FD218B5A8AC00C002BF /* UIKit.framework */; };
		B5711FD918B5A8AC00C002BF /* InfoPlist.strings in Resources */ = {isa = PBXBuildFile; fileRef = B5711FD718B5A8AC00C002BF /* InfoPlist.strings */; };
		B5711FDB18B5A8AC00C002BF /* main.m in Sources */ = {isa = PBXBuildFile; fileRef = B5711FDA18B5A8AC00C002BF /* main.m */; };
		B5711FDF18B5A8AC00C002BF /* NMLAppDelegate.m in Sources */ = {isa = PBXBuildFile; fileRef = B5711FDE18B5A8AC00C002BF /* NMLAppDelegate.m */; };
		B5711FE218B5A8AC00C002BF /* Main.storyboard in Resources */ = {isa = PBXBuildFile; fileRef = B5711FE018B5A8AC00C002BF /* Main.storyboard */; };
		B5711FE518B5A8AC00C002BF /* NMLViewController.m in Sources */ = {isa = PBXBuildFile; fileRef = B5711FE418B5A8AC00C002BF /* NMLViewController.m */; };
		B5711FE718B5A8AC00C002BF /* Images.xcassets in Resources */ = {isa = PBXBuildFile; fileRef = B5711FE618B5A8AC00C002BF /* Images.xcassets */; };
		B5711FEE18B5A8AC00C002BF /* XCTest.framework in Frameworks */ = {isa = PBXBuildFile; fileRef = B5711FED18B5A8AC00C002BF /* XCTest.framework */; };
		B5711FEF18B5A8AC00C002BF /* Foundation.framework in Frameworks */ = {isa = PBXBuildFile; fileRef = B5711FCE18B5A8AC00C002BF /* Foundation.framework */; };
		B5711FF018B5A8AC00C002BF /* UIKit.framework in Frameworks */ = {isa = PBXBuildFile; fileRef = B5711FD218B5A8AC00C002BF /* UIKit.framework */; };
		B5711FF818B5A8AC00C002BF /* InfoPlist.strings in Resources */ = {isa = PBXBuildFile; fileRef = B5711FF618B5A8AC00C002BF /* InfoPlist.strings */; };
		B5711FFA18B5A8AC00C002BF /* TextKitIntroTests.m in Sources */ = {isa = PBXBuildFile; fileRef = B5711FF918B5A8AC00C002BF /* TextKitIntroTests.m */; };
		B571200418B5BCF800C002BF /* It's My Own Invention.rtf in Resources */ = {isa = PBXBuildFile; fileRef = B571200318B5BCF800C002BF /* It's My Own Invention.rtf */; };
/* End PBXBuildFile section */

/* Begin PBXContainerItemProxy section */
		B5711FF118B5A8AC00C002BF /* PBXContainerItemProxy */ = {
			isa = PBXContainerItemProxy;
			containerPortal = B5711FC318B5A8AC00C002BF /* Project object */;
			proxyType = 1;
			remoteGlobalIDString = B5711FCA18B5A8AC00C002BF;
			remoteInfo = TextKitIntro;
		};
/* End PBXContainerItemProxy section */

/* Begin PBXFileReference section */
		B524B18118B5F89400C151E2 /* NMLLayoutManager.h */ = {isa = PBXFileReference; fileEncoding = 4; lastKnownFileType = sourcecode.c.h; path = NMLLayoutManager.h; sourceTree = "<group>"; };
		B524B18218B5F89400C151E2 /* NMLLayoutManager.m */ = {isa = PBXFileReference; fileEncoding = 4; lastKnownFileType = sourcecode.c.objc; path = NMLLayoutManager.m; sourceTree = "<group>"; };
		B5711FCB18B5A8AC00C002BF /* TextKitIntro.app */ = {isa = PBXFileReference; explicitFileType = wrapper.application; includeInIndex = 0; path = TextKitIntro.app; sourceTree = BUILT_PRODUCTS_DIR; };
		B5711FCE18B5A8AC00C002BF /* Foundation.framework */ = {isa = PBXFileReference; lastKnownFileType = wrapper.framework; name = Foundation.framework; path = System/Library/Frameworks/Foundation.framework; sourceTree = SDKROOT; };
		B5711FD018B5A8AC00C002BF /* CoreGraphics.framework */ = {isa = PBXFileReference; lastKnownFileType = wrapper.framework; name = CoreGraphics.framework; path = System/Library/Frameworks/CoreGraphics.framework; sourceTree = SDKROOT; };
		B5711FD218B5A8AC00C002BF /* UIKit.framework */ = {isa = PBXFileReference; lastKnownFileType = wrapper.framework; name = UIKit.framework; path = System/Library/Frameworks/UIKit.framework; sourceTree = SDKROOT; };
		B5711FD618B5A8AC00C002BF /* TextKitIntro-Info.plist */ = {isa = PBXFileReference; lastKnownFileType = text.plist.xml; path = "TextKitIntro-Info.plist"; sourceTree = "<group>"; };
		B5711FD818B5A8AC00C002BF /* en */ = {isa = PBXFileReference; lastKnownFileType = text.plist.strings; name = en; path = en.lproj/InfoPlist.strings; sourceTree = "<group>"; };
		B5711FDA18B5A8AC00C002BF /* main.m */ = {isa = PBXFileReference; lastKnownFileType = sourcecode.c.objc; path = main.m; sourceTree = "<group>"; };
		B5711FDC18B5A8AC00C002BF /* TextKitIntro-Prefix.pch */ = {isa = PBXFileReference; lastKnownFileType = sourcecode.c.h; path = "TextKitIntro-Prefix.pch"; sourceTree = "<group>"; };
		B5711FDD18B5A8AC00C002BF /* NMLAppDelegate.h */ = {isa = PBXFileReference; lastKnownFileType = sourcecode.c.h; path = NMLAppDelegate.h; sourceTree = "<group>"; };
		B5711FDE18B5A8AC00C002BF /* NMLAppDelegate.m */ = {isa = PBXFileReference; lastKnownFileType = sourcecode.c.objc; path = NMLAppDelegate.m; sourceTree = "<group>"; };
		B5711FE118B5A8AC00C002BF /* Base */ = {isa = PBXFileReference; lastKnownFileType = file.storyboard; name = Base; path = Base.lproj/Main.storyboard; sourceTree = "<group>"; };
		B5711FE318B5A8AC00C002BF /* NMLViewController.h */ = {isa = PBXFileReference; lastKnownFileType = sourcecode.c.h; path = NMLViewController.h; sourceTree = "<group>"; };
		B5711FE418B5A8AC00C002BF /* NMLViewController.m */ = {isa = PBXFileReference; lastKnownFileType = sourcecode.c.objc; path = NMLViewController.m; sourceTree = "<group>"; };
		B5711FE618B5A8AC00C002BF /* Images.xcassets */ = {isa = PBXFileReference; lastKnownFileType = folder.assetcatalog; path = Images.xcassets; sourceTree = "<group>"; };
		B5711FEC18B5A8AC00C002BF /* TextKitIntroTests.xctest */ = {isa = PBXFileReference; explicitFileType = wrapper.cfbundle; includeInIndex = 0; path = TextKitIntroTests.xctest; sourceTree = BUILT_PRODUCTS_DIR; };
		B5711FED18B5A8AC00C002BF /* XCTest.framework */ = {isa = PBXFileReference; lastKnownFileType = wrapper.framework; name = XCTest.framework; path = Library/Frameworks/XCTest.framework; sourceTree = DEVELOPER_DIR; };
		B5711FF518B5A8AC00C002BF /* TextKitIntroTests-Info.plist */ = {isa = PBXFileReference; lastKnownFileType = text.plist.xml; path = "TextKitIntroTests-Info.plist"; sourceTree = "<group>"; };
		B5711FF718B5A8AC00C002BF /* en */ = {isa = PBXFileReference; lastKnownFileType = text.plist.strings; name = en; path = en.lproj/InfoPlist.strings; sourceTree = "<group>"; };
		B5711FF918B5A8AC00C002BF /* TextKitIntroTests.m */ = {isa = PBXFileReference; lastKnownFileType = sourcecode.c.objc; path = TextKitIntroTests.m; sourceTree = "<group>"; };
		B571200318B5BCF800C002BF /* It's My Own Invention.rtf */ = {isa = PBXFileReference; fileEncoding = 4; lastKnownFileType = text.rtf; path = "It's My Own Invention.rtf"; sourceTree = "<group>"; };
/* End PBXFileReference section */

/* Begin PBXFrameworksBuildPhase section */
		B5711FC818B5A8AC00C002BF /* Frameworks */ = {
			isa = PBXFrameworksBuildPhase;
			buildActionMask = 2147483647;
			files = (
				B5711FD118B5A8AC00C002BF /* CoreGraphics.framework in Frameworks */,
				B5711FD318B5A8AC00C002BF /* UIKit.framework in Frameworks */,
				B5711FCF18B5A8AC00C002BF /* Foundation.framework in Frameworks */,
			);
			runOnlyForDeploymentPostprocessing = 0;
		};
		B5711FE918B5A8AC00C002BF /* Frameworks */ = {
			isa = PBXFrameworksBuildPhase;
			buildActionMask = 2147483647;
			files = (
				B5711FEE18B5A8AC00C002BF /* XCTest.framework in Frameworks */,
				B5711FF018B5A8AC00C002BF /* UIKit.framework in Frameworks */,
				B5711FEF18B5A8AC00C002BF /* Foundation.framework in Frameworks */,
			);
			runOnlyForDeploymentPostprocessing = 0;
		};
/* End PBXFrameworksBuildPhase section */

/* Begin PBXGroup section */
		B5711FC218B5A8AC00C002BF = {
			isa = PBXGroup;
			children = (
				B5711FD418B5A8AC00C002BF /* TextKitIntro */,
				B5711FF318B5A8AC00C002BF /* TextKitIntroTests */,
				B5711FCD18B5A8AC00C002BF /* Frameworks */,
				B5711FCC18B5A8AC00C002BF /* Products */,
			);
			sourceTree = "<group>";
		};
		B5711FCC18B5A8AC00C002BF /* Products */ = {
			isa = PBXGroup;
			children = (
				B5711FCB18B5A8AC00C002BF /* TextKitIntro.app */,
				B5711FEC18B5A8AC00C002BF /* TextKitIntroTests.xctest */,
			);
			name = Products;
			sourceTree = "<group>";
		};
		B5711FCD18B5A8AC00C002BF /* Frameworks */ = {
			isa = PBXGroup;
			children = (
				B5711FCE18B5A8AC00C002BF /* Foundation.framework */,
				B5711FD018B5A8AC00C002BF /* CoreGraphics.framework */,
				B5711FD218B5A8AC00C002BF /* UIKit.framework */,
				B5711FED18B5A8AC00C002BF /* XCTest.framework */,
			);
			name = Frameworks;
			sourceTree = "<group>";
		};
		B5711FD418B5A8AC00C002BF /* TextKitIntro */ = {
			isa = PBXGroup;
			children = (
				B5711FDD18B5A8AC00C002BF /* NMLAppDelegate.h */,
				B5711FDE18B5A8AC00C002BF /* NMLAppDelegate.m */,
				B5711FE318B5A8AC00C002BF /* NMLViewController.h */,
				B5711FE418B5A8AC00C002BF /* NMLViewController.m */,
				B524B18118B5F89400C151E2 /* NMLLayoutManager.h */,
				B524B18218B5F89400C151E2 /* NMLLayoutManager.m */,
				B571200318B5BCF800C002BF /* It's My Own Invention.rtf */,
				B5711FE018B5A8AC00C002BF /* Main.storyboard */,
				B5711FD518B5A8AC00C002BF /* Supporting Files */,
			);
			path = TextKitIntro;
			sourceTree = "<group>";
		};
		B5711FD518B5A8AC00C002BF /* Supporting Files */ = {
			isa = PBXGroup;
			children = (
				B5711FE618B5A8AC00C002BF /* Images.xcassets */,
				B5711FD618B5A8AC00C002BF /* TextKitIntro-Info.plist */,
				B5711FD718B5A8AC00C002BF /* InfoPlist.strings */,
				B5711FDA18B5A8AC00C002BF /* main.m */,
				B5711FDC18B5A8AC00C002BF /* TextKitIntro-Prefix.pch */,
			);
			name = "Supporting Files";
			sourceTree = "<group>";
		};
		B5711FF318B5A8AC00C002BF /* TextKitIntroTests */ = {
			isa = PBXGroup;
			children = (
				B5711FF918B5A8AC00C002BF /* TextKitIntroTests.m */,
				B5711FF418B5A8AC00C002BF /* Supporting Files */,
			);
			path = TextKitIntroTests;
			sourceTree = "<group>";
		};
		B5711FF418B5A8AC00C002BF /* Supporting Files */ = {
			isa = PBXGroup;
			children = (
				B5711FF518B5A8AC00C002BF /* TextKitIntroTests-Info.plist */,
				B5711FF618B5A8AC00C002BF /* InfoPlist.strings */,
			);
			name = "Supporting Files";
			sourceTree = "<group>";
		};
/* End PBXGroup section */

/* Begin PBXNativeTarget section */
		B5711FCA18B5A8AC00C002BF /* TextKitIntro */ = {
			isa = PBXNativeTarget;
			buildConfigurationList = B5711FFD18B5A8AC00C002BF /* Build configuration list for PBXNativeTarget "TextKitIntro" */;
			buildPhases = (
				B5711FC718B5A8AC00C002BF /* Sources */,
				B5711FC818B5A8AC00C002BF /* Frameworks */,
				B5711FC918B5A8AC00C002BF /* Resources */,
			);
			buildRules = (
			);
			dependencies = (
			);
			name = TextKitIntro;
			productName = TextKitIntro;
			productReference = B5711FCB18B5A8AC00C002BF /* TextKitIntro.app */;
			productType = "com.apple.product-type.application";
		};
		B5711FEB18B5A8AC00C002BF /* TextKitIntroTests */ = {
			isa = PBXNativeTarget;
			buildConfigurationList = B571200018B5A8AC00C002BF /* Build configuration list for PBXNativeTarget "TextKitIntroTests" */;
			buildPhases = (
				B5711FE818B5A8AC00C002BF /* Sources */,
				B5711FE918B5A8AC00C002BF /* Frameworks */,
				B5711FEA18B5A8AC00C002BF /* Resources */,
			);
			buildRules = (
			);
			dependencies = (
				B5711FF218B5A8AC00C002BF /* PBXTargetDependency */,
			);
			name = TextKitIntroTests;
			productName = TextKitIntroTests;
			productReference = B5711FEC18B5A8AC00C002BF /* TextKitIntroTests.xctest */;
			productType = "com.apple.product-type.bundle.unit-test";
		};
/* End PBXNativeTarget section */

/* Begin PBXProject section */
		B5711FC318B5A8AC00C002BF /* Project object */ = {
			isa = PBXProject;
			attributes = {
				CLASSPREFIX = NML;
				LastUpgradeCheck = 0500;
				ORGANIZATIONNAME = "Ben Lachman";
				TargetAttributes = {
					B5711FEB18B5A8AC00C002BF = {
						TestTargetID = B5711FCA18B5A8AC00C002BF;
					};
				};
			};
			buildConfigurationList = B5711FC618B5A8AC00C002BF /* Build configuration list for PBXProject "TextKitIntro" */;
			compatibilityVersion = "Xcode 3.2";
			developmentRegion = English;
			hasScannedForEncodings = 0;
			knownRegions = (
				en,
				Base,
			);
			mainGroup = B5711FC218B5A8AC00C002BF;
			productRefGroup = B5711FCC18B5A8AC00C002BF /* Products */;
			projectDirPath = "";
			projectRoot = "";
			targets = (
				B5711FCA18B5A8AC00C002BF /* TextKitIntro */,
				B5711FEB18B5A8AC00C002BF /* TextKitIntroTests */,
			);
		};
/* End PBXProject section */

/* Begin PBXResourcesBuildPhase section */
		B5711FC918B5A8AC00C002BF /* Resources */ = {
			isa = PBXResourcesBuildPhase;
			buildActionMask = 2147483647;
			files = (
				B5711FE718B5A8AC00C002BF /* Images.xcassets in Resources */,
				B5711FD918B5A8AC00C002BF /* InfoPlist.strings in Resources */,
				B571200418B5BCF800C002BF /* It's My Own Invention.rtf in Resources */,
				B5711FE218B5A8AC00C002BF /* Main.storyboard in Resources */,
			);
			runOnlyForDeploymentPostprocessing = 0;
		};
		B5711FEA18B5A8AC00C002BF /* Resources */ = {
			isa = PBXResourcesBuildPhase;
			buildActionMask = 2147483647;
			files = (
				B5711FF818B5A8AC00C002BF /* InfoPlist.strings in Resources */,
			);
			runOnlyForDeploymentPostprocessing = 0;
		};
/* End PBXResourcesBuildPhase section */

/* Begin PBXSourcesBuildPhase section */
		B5711FC718B5A8AC00C002BF /* Sources */ = {
			isa = PBXSourcesBuildPhase;
			buildActionMask = 2147483647;
			files = (
				B5711FE518B5A8AC00C002BF /* NMLViewController.m in Sources */,
				B524B18318B5F89400C151E2 /* NMLLayoutManager.m in Sources */,
				B5711FDF18B5A8AC00C002BF /* NMLAppDelegate.m in Sources */,
				B5711FDB18B5A8AC00C002BF /* main.m in Sources */,
			);
			runOnlyForDeploymentPostprocessing = 0;
		};
		B5711FE818B5A8AC00C002BF /* Sources */ = {
			isa = PBXSourcesBuildPhase;
			buildActionMask = 2147483647;
			files = (
				B5711FFA18B5A8AC00C002BF /* TextKitIntroTests.m in Sources */,
			);
			runOnlyForDeploymentPostprocessing = 0;
		};
/* End PBXSourcesBuildPhase section */

/* Begin PBXTargetDependency section */
		B5711FF218B5A8AC00C002BF /* PBXTargetDependency */ = {
			isa = PBXTargetDependency;
			target = B5711FCA18B5A8AC00C002BF /* TextKitIntro */;
			targetProxy = B5711FF118B5A8AC00C002BF /* PBXContainerItemProxy */;
		};
/* End PBXTargetDependency section */

/* Begin PBXVariantGroup section */
		B5711FD718B5A8AC00C002BF /* InfoPlist.strings */ = {
			isa = PBXVariantGroup;
			children = (
				B5711FD818B5A8AC00C002BF /* en */,
			);
			name = InfoPlist.strings;
			sourceTree = "<group>";
		};
		B5711FE018B5A8AC00C002BF /* Main.storyboard */ = {
			isa = PBXVariantGroup;
			children = (
				B5711FE118B5A8AC00C002BF /* Base */,
			);
			name = Main.storyboard;
			sourceTree = "<group>";
		};
		B5711FF618B5A8AC00C002BF /* InfoPlist.strings */ = {
			isa = PBXVariantGroup;
			children = (
				B5711FF718B5A8AC00C002BF /* en */,
			);
			name = InfoPlist.strings;
			sourceTree = "<group>";
		};
/* End PBXVariantGroup section */

/* Begin XCBuildConfiguration section */
		B5711FFB18B5A8AC00C002BF /* Debug */ = {
			isa = XCBuildConfiguration;
			buildSettings = {
				ALWAYS_SEARCH_USER_PATHS = NO;
				ARCHS = "$(ARCHS_STANDARD_32_BIT)";
				CLANG_CXX_LANGUAGE_STANDARD = "gnu++0x";
				CLANG_CXX_LIBRARY = "libc++";
				CLANG_ENABLE_MODULES = YES;
				CLANG_ENABLE_OBJC_ARC = YES;
				CLANG_WARN_BOOL_CONVERSION = YES;
				CLANG_WARN_CONSTANT_CONVERSION = YES;
				CLANG_WARN_DIRECT_OBJC_ISA_USAGE = YES_ERROR;
				CLANG_WARN_EMPTY_BODY = YES;
				CLANG_WARN_ENUM_CONVERSION = YES;
				CLANG_WARN_INT_CONVERSION = YES;
				CLANG_WARN_OBJC_ROOT_CLASS = YES_ERROR;
				CLANG_WARN__DUPLICATE_METHOD_MATCH = YES;
				"CODE_SIGN_IDENTITY[sdk=iphoneos*]" = "iPhone Developer";
				COPY_PHASE_STRIP = NO;
				GCC_C_LANGUAGE_STANDARD = gnu99;
				GCC_DYNAMIC_NO_PIC = NO;
				GCC_OPTIMIZATION_LEVEL = 0;
				GCC_PREPROCESSOR_DEFINITIONS = (
					"DEBUG=1",
					"$(inherited)",
				);
				GCC_SYMBOLS_PRIVATE_EXTERN = NO;
				GCC_WARN_64_TO_32_BIT_CONVERSION = YES;
				GCC_WARN_ABOUT_RETURN_TYPE = YES_ERROR;
				GCC_WARN_UNDECLARED_SELECTOR = YES;
				GCC_WARN_UNINITIALIZED_AUTOS = YES;
				GCC_WARN_UNUSED_FUNCTION = YES;
				GCC_WARN_UNUSED_VARIABLE = YES;
				IPHONEOS_DEPLOYMENT_TARGET = 6.1;
				ONLY_ACTIVE_ARCH = YES;
				SDKROOT = iphoneos6.1;
				TARGETED_DEVICE_FAMILY = 2;
			};
			name = Debug;
		};
		B5711FFC18B5A8AC00C002BF /* Release */ = {
			isa = XCBuildConfiguration;
			buildSettings = {
				ALWAYS_SEARCH_USER_PATHS = NO;
				ARCHS = "$(ARCHS_STANDARD_32_BIT)";
				CLANG_CXX_LANGUAGE_STANDARD = "gnu++0x";
				CLANG_CXX_LIBRARY = "libc++";
				CLANG_ENABLE_MODULES = YES;
				CLANG_ENABLE_OBJC_ARC = YES;
				CLANG_WARN_BOOL_CONVERSION = YES;
				CLANG_WARN_CONSTANT_CONVERSION = YES;
				CLANG_WARN_DIRECT_OBJC_ISA_USAGE = YES_ERROR;
				CLANG_WARN_EMPTY_BODY = YES;
				CLANG_WARN_ENUM_CONVERSION = YES;
				CLANG_WARN_INT_CONVERSION = YES;
				CLANG_WARN_OBJC_ROOT_CLASS = YES_ERROR;
				CLANG_WARN__DUPLICATE_METHOD_MATCH = YES;
				"CODE_SIGN_IDENTITY[sdk=iphoneos*]" = "iPhone Developer";
				COPY_PHASE_STRIP = YES;
				ENABLE_NS_ASSERTIONS = NO;
				GCC_C_LANGUAGE_STANDARD = gnu99;
				GCC_WARN_64_TO_32_BIT_CONVERSION = YES;
				GCC_WARN_ABOUT_RETURN_TYPE = YES_ERROR;
				GCC_WARN_UNDECLARED_SELECTOR = YES;
				GCC_WARN_UNINITIALIZED_AUTOS = YES;
				GCC_WARN_UNUSED_FUNCTION = YES;
				GCC_WARN_UNUSED_VARIABLE = YES;
				IPHONEOS_DEPLOYMENT_TARGET = 6.1;
				ONLY_ACTIVE_ARCH = YES;
				SDKROOT = iphoneos6.1;
				TARGETED_DEVICE_FAMILY = 2;
				VALIDATE_PRODUCT = YES;
			};
			name = Release;
		};
		B5711FFE18B5A8AC00C002BF /* Debug */ = {
			isa = XCBuildConfiguration;
			buildSettings = {
				ARCHS = "$(ARCHS_STANDARD_32_BIT)";
				ASSETCATALOG_COMPILER_APPICON_NAME = AppIcon;
				ASSETCATALOG_COMPILER_LAUNCHIMAGE_NAME = LaunchImage;
				GCC_PRECOMPILE_PREFIX_HEADER = YES;
				GCC_PREFIX_HEADER = "TextKitIntro/TextKitIntro-Prefix.pch";
				INFOPLIST_FILE = "TextKitIntro/TextKitIntro-Info.plist";
				IPHONEOS_DEPLOYMENT_TARGET = 7.0;
				PRODUCT_NAME = "$(TARGET_NAME)";
				SDKROOT = iphoneos;
				TARGETED_DEVICE_FAMILY = 2;
				WRAPPER_EXTENSION = app;
			};
			name = Debug;
		};
		B5711FFF18B5A8AC00C002BF /* Release */ = {
			isa = XCBuildConfiguration;
			buildSettings = {
				ARCHS = "$(ARCHS_STANDARD_32_BIT)";
				ASSETCATALOG_COMPILER_APPICON_NAME = AppIcon;
				ASSETCATALOG_COMPILER_LAUNCHIMAGE_NAME = LaunchImage;
				GCC_PRECOMPILE_PREFIX_HEADER = YES;
				GCC_PREFIX_HEADER = "TextKitIntro/TextKitIntro-Prefix.pch";
				INFOPLIST_FILE = "TextKitIntro/TextKitIntro-Info.plist";
				IPHONEOS_DEPLOYMENT_TARGET = 7.0;
				PRODUCT_NAME = "$(TARGET_NAME)";
				SDKROOT = iphoneos;
				TARGETED_DEVICE_FAMILY = 2;
				WRAPPER_EXTENSION = app;
			};
			name = Release;
		};
		B571200118B5A8AC00C002BF /* Debug */ = {
			isa = XCBuildConfiguration;
			buildSettings = {
				ARCHS = "$(ARCHS_STANDARD_32_BIT)";
				BUNDLE_LOADER = "$(BUILT_PRODUCTS_DIR)/TextKitIntro.app/TextKitIntro";
				FRAMEWORK_SEARCH_PATHS = (
					"$(SDKROOT)/Developer/Library/Frameworks",
					"$(inherited)",
					"$(DEVELOPER_FRAMEWORKS_DIR)",
				);
				GCC_PRECOMPILE_PREFIX_HEADER = YES;
				GCC_PREFIX_HEADER = "TextKitIntro/TextKitIntro-Prefix.pch";
				GCC_PREPROCESSOR_DEFINITIONS = (
					"DEBUG=1",
					"$(inherited)",
				);
				INFOPLIST_FILE = "TextKitIntroTests/TextKitIntroTests-Info.plist";
				PRODUCT_NAME = "$(TARGET_NAME)";
				TEST_HOST = "$(BUNDLE_LOADER)";
				WRAPPER_EXTENSION = xctest;
			};
			name = Debug;
		};
		B571200218B5A8AC00C002BF /* Release */ = {
			isa = XCBuildConfiguration;
			buildSettings = {
				ARCHS = "$(ARCHS_STANDARD_32_BIT)";
				BUNDLE_LOADER = "$(BUILT_PRODUCTS_DIR)/TextKitIntro.app/TextKitIntro";
				FRAMEWORK_SEARCH_PATHS = (
					"$(SDKROOT)/Developer/Library/Frameworks",
					"$(inherited)",
					"$(DEVELOPER_FRAMEWORKS_DIR)",
				);
				GCC_PRECOMPILE_PREFIX_HEADER = YES;
				GCC_PREFIX_HEADER = "TextKitIntro/TextKitIntro-Prefix.pch";
				INFOPLIST_FILE = "TextKitIntroTests/TextKitIntroTests-Info.plist";
				PRODUCT_NAME = "$(TARGET_NAME)";
				TEST_HOST = "$(BUNDLE_LOADER)";
				WRAPPER_EXTENSION = xctest;
			};
			name = Release;
		};
/* End XCBuildConfiguration section */

/* Begin XCConfigurationList section */
		B5711FC618B5A8AC00C002BF /* Build configuration list for PBXProject "TextKitIntro" */ = {
			isa = XCConfigurationList;
			buildConfigurations = (
				B5711FFB18B5A8AC00C002BF /* Debug */,
				B5711FFC18B5A8AC00C002BF /* Release */,
			);
			defaultConfigurationIsVisible = 0;
			defaultConfigurationName = Release;
		};
		B5711FFD18B5A8AC00C002BF /* Build configuration list for PBXNativeTarget "TextKitIntro" */ = {
			isa = XCConfigurationList;
			buildConfigurations = (
				B5711FFE18B5A8AC00C002BF /* Debug */,
				B5711FFF18B5A8AC00C002BF /* Release */,
			);
			defaultConfigurationIsVisible = 0;
			defaultConfigurationName = Release;
		};
		B571200018B5A8AC00C002BF /* Build configuration list for PBXNativeTarget "TextKitIntroTests" */ = {
			isa = XCConfigurationList;
			buildConfigurations = (
				B571200118B5A8AC00C002BF /* Debug */,
				B571200218B5A8AC00C002BF /* Release */,
			);
			defaultConfigurationIsVisible = 0;
			defaultConfigurationName = Release;
		};
/* End XCConfigurationList section */
	};
	rootObject = B5711FC318B5A8AC00C002BF /* Project object */;
}
